// !$*UTF8*$!
{
	archiveVersion = 1;
	classes = {
	};
	objectVersion = 46;
	objects = {

/* Begin PBXBuildFile section */
		A32A46F41AFB8A2D00FBF6CD /* AugmentaEvents.cpp in Sources */ = {isa = PBXBuildFile; fileRef = A32A46EA1AFB8A2D00FBF6CD /* AugmentaEvents.cpp */; };
		A32A46F51AFB8A2D00FBF6CD /* AugmentaInteractiveArea.cpp in Sources */ = {isa = PBXBuildFile; fileRef = A32A46EC1AFB8A2D00FBF6CD /* AugmentaInteractiveArea.cpp */; };
		A32A46F61AFB8A2D00FBF6CD /* AugmentaPerson.cpp in Sources */ = {isa = PBXBuildFile; fileRef = A32A46EE1AFB8A2D00FBF6CD /* AugmentaPerson.cpp */; };
		A32A46F71AFB8A2D00FBF6CD /* AugmentaScene.cpp in Sources */ = {isa = PBXBuildFile; fileRef = A32A46F01AFB8A2D00FBF6CD /* AugmentaScene.cpp */; };
		A32A46F81AFB8A2D00FBF6CD /* ofxAugmenta.cpp in Sources */ = {isa = PBXBuildFile; fileRef = A32A46F21AFB8A2D00FBF6CD /* ofxAugmenta.cpp */; };
		A345BD791AFB5E99006D309B /* IpEndpointName.cpp in Sources */ = {isa = PBXBuildFile; fileRef = A345BD531AFB5E99006D309B /* IpEndpointName.cpp */; };
		A345BD7A1AFB5E99006D309B /* NetworkingUtils.cpp in Sources */ = {isa = PBXBuildFile; fileRef = A345BD581AFB5E99006D309B /* NetworkingUtils.cpp */; };
		A345BD7B1AFB5E99006D309B /* UdpSocket.cpp in Sources */ = {isa = PBXBuildFile; fileRef = A345BD591AFB5E99006D309B /* UdpSocket.cpp */; };
		A345BD7C1AFB5E99006D309B /* NetworkingUtilsWin.cpp in Sources */ = {isa = PBXBuildFile; fileRef = A345BD5D1AFB5E99006D309B /* NetworkingUtilsWin.cpp */; };
		A345BD7D1AFB5E99006D309B /* UdpSocketWin.cpp in Sources */ = {isa = PBXBuildFile; fileRef = A345BD5E1AFB5E99006D309B /* UdpSocketWin.cpp */; };
		A345BD7E1AFB5E99006D309B /* OscOutboundPacketStream.cpp in Sources */ = {isa = PBXBuildFile; fileRef = A345BD631AFB5E99006D309B /* OscOutboundPacketStream.cpp */; };
		A345BD7F1AFB5E99006D309B /* OscPrintReceivedElements.cpp in Sources */ = {isa = PBXBuildFile; fileRef = A345BD661AFB5E99006D309B /* OscPrintReceivedElements.cpp */; };
		A345BD801AFB5E99006D309B /* OscReceivedElements.cpp in Sources */ = {isa = PBXBuildFile; fileRef = A345BD681AFB5E99006D309B /* OscReceivedElements.cpp */; };
		A345BD811AFB5E99006D309B /* OscTypes.cpp in Sources */ = {isa = PBXBuildFile; fileRef = A345BD6A1AFB5E99006D309B /* OscTypes.cpp */; };
		A345BD821AFB5E99006D309B /* ofxOscBundle.cpp in Sources */ = {isa = PBXBuildFile; fileRef = A345BD6F1AFB5E99006D309B /* ofxOscBundle.cpp */; };
		A345BD831AFB5E99006D309B /* ofxOscMessage.cpp in Sources */ = {isa = PBXBuildFile; fileRef = A345BD711AFB5E99006D309B /* ofxOscMessage.cpp */; };
		A345BD841AFB5E99006D309B /* ofxOscParameterSync.cpp in Sources */ = {isa = PBXBuildFile; fileRef = A345BD731AFB5E99006D309B /* ofxOscParameterSync.cpp */; };
		A345BD851AFB5E99006D309B /* ofxOscReceiver.cpp in Sources */ = {isa = PBXBuildFile; fileRef = A345BD751AFB5E99006D309B /* ofxOscReceiver.cpp */; };
		A345BD861AFB5E99006D309B /* ofxOscSender.cpp in Sources */ = {isa = PBXBuildFile; fileRef = A345BD771AFB5E99006D309B /* ofxOscSender.cpp */; };
		A345BD901AFB5EBE006D309B /* tinyxml.cpp in Sources */ = {isa = PBXBuildFile; fileRef = A345BD891AFB5EBE006D309B /* tinyxml.cpp */; };
		A345BD911AFB5EBE006D309B /* tinyxmlerror.cpp in Sources */ = {isa = PBXBuildFile; fileRef = A345BD8B1AFB5EBE006D309B /* tinyxmlerror.cpp */; };
		A345BD921AFB5EBE006D309B /* tinyxmlparser.cpp in Sources */ = {isa = PBXBuildFile; fileRef = A345BD8C1AFB5EBE006D309B /* tinyxmlparser.cpp */; };
		A345BD931AFB5EBE006D309B /* ofxXmlSettings.cpp in Sources */ = {isa = PBXBuildFile; fileRef = A345BD8E1AFB5EBE006D309B /* ofxXmlSettings.cpp */; };
		A345BDC31AFB5ED6006D309B /* Syphon.framework in Frameworks */ = {isa = PBXBuildFile; fileRef = A345BDB11AFB5ED6006D309B /* Syphon.framework */; };
		A345BDC41AFB5ED6006D309B /* SyphonNameboundClient.m in Sources */ = {isa = PBXBuildFile; fileRef = A345BDB41AFB5ED6006D309B /* SyphonNameboundClient.m */; };
		A345BDC51AFB5ED6006D309B /* ofxSyphonClient.mm in Sources */ = {isa = PBXBuildFile; fileRef = A345BDBA1AFB5ED6006D309B /* ofxSyphonClient.mm */; };
		A345BDC61AFB5ED6006D309B /* ofxSyphonServer.mm in Sources */ = {isa = PBXBuildFile; fileRef = A345BDBC1AFB5ED6006D309B /* ofxSyphonServer.mm */; };
		A345BDC71AFB5ED6006D309B /* ofxSyphonServerDirectory.mm in Sources */ = {isa = PBXBuildFile; fileRef = A345BDBE1AFB5ED6006D309B /* ofxSyphonServerDirectory.mm */; };
		A345BDCE1AFB5EFF006D309B /* Syphon.framework in CopyFiles */ = {isa = PBXBuildFile; fileRef = A345BDB11AFB5ED6006D309B /* Syphon.framework */; };
		A345BDE91AFB6124006D309B /* AudioFileSet.cpp in Sources */ = {isa = PBXBuildFile; fileRef = A345BDD01AFB6124006D309B /* AudioFileSet.cpp */; };
		A345BDEB1AFB6124006D309B /* GrainCluster.cpp in Sources */ = {isa = PBXBuildFile; fileRef = A345BDD31AFB6124006D309B /* GrainCluster.cpp */; };
		A345BDEC1AFB6124006D309B /* GrainVoice.cpp in Sources */ = {isa = PBXBuildFile; fileRef = A345BDD51AFB6124006D309B /* GrainVoice.cpp */; };
		A345BDED1AFB6124006D309B /* GTime.cpp in Sources */ = {isa = PBXBuildFile; fileRef = A345BDD71AFB6124006D309B /* GTime.cpp */; };
		A345BDEE1AFB6124006D309B /* MyRtAudio.cpp in Sources */ = {isa = PBXBuildFile; fileRef = A345BDD91AFB6124006D309B /* MyRtAudio.cpp */; };
		A345BDEF1AFB6124006D309B /* RtAudio.cpp in Sources */ = {isa = PBXBuildFile; fileRef = A345BDDB1AFB6124006D309B /* RtAudio.cpp */; };
		A345BDF01AFB6124006D309B /* RtMidi.cpp in Sources */ = {isa = PBXBuildFile; fileRef = A345BDDE1AFB6124006D309B /* RtMidi.cpp */; };
		A345BDF11AFB6124006D309B /* SoundRect.cpp in Sources */ = {isa = PBXBuildFile; fileRef = A345BDE01AFB6124006D309B /* SoundRect.cpp */; };
		A345BDF21AFB6124006D309B /* Stk.cpp in Sources */ = {isa = PBXBuildFile; fileRef = A345BDE21AFB6124006D309B /* Stk.cpp */; };
		A345BDF31AFB6124006D309B /* Thread.cpp in Sources */ = {isa = PBXBuildFile; fileRef = A345BDE51AFB6124006D309B /* Thread.cpp */; };
		A345BDF41AFB6124006D309B /* Window.cpp in Sources */ = {isa = PBXBuildFile; fileRef = A345BDE71AFB6124006D309B /* Window.cpp */; };
		A345BE301AFB6AED006D309B /* scUBlibsndfile.a in Frameworks */ = {isa = PBXBuildFile; fileRef = A345BE251AFB6AED006D309B /* scUBlibsndfile.a */; };
		A345BE321AFB6AED006D309B /* ofxLibsndFileRecorder.cpp in Sources */ = {isa = PBXBuildFile; fileRef = A345BE2B1AFB6AED006D309B /* ofxLibsndFileRecorder.cpp */; };
		BBAB23CB13894F3D00AA2426 /* GLUT.framework in CopyFiles */ = {isa = PBXBuildFile; fileRef = BBAB23BE13894E4700AA2426 /* GLUT.framework */; };
		E4328149138ABC9F0047C5CB /* openFrameworksDebug.a in Frameworks */ = {isa = PBXBuildFile; fileRef = E4328148138ABC890047C5CB /* openFrameworksDebug.a */; };
		E45BE97B0E8CC7DD009D7055 /* AGL.framework in Frameworks */ = {isa = PBXBuildFile; fileRef = E45BE9710E8CC7DD009D7055 /* AGL.framework */; };
		E45BE97C0E8CC7DD009D7055 /* ApplicationServices.framework in Frameworks */ = {isa = PBXBuildFile; fileRef = E45BE9720E8CC7DD009D7055 /* ApplicationServices.framework */; };
		E45BE97D0E8CC7DD009D7055 /* AudioToolbox.framework in Frameworks */ = {isa = PBXBuildFile; fileRef = E45BE9730E8CC7DD009D7055 /* AudioToolbox.framework */; };
		E45BE97F0E8CC7DD009D7055 /* CoreAudio.framework in Frameworks */ = {isa = PBXBuildFile; fileRef = E45BE9750E8CC7DD009D7055 /* CoreAudio.framework */; };
		E45BE9800E8CC7DD009D7055 /* CoreFoundation.framework in Frameworks */ = {isa = PBXBuildFile; fileRef = E45BE9760E8CC7DD009D7055 /* CoreFoundation.framework */; };
		E45BE9810E8CC7DD009D7055 /* CoreServices.framework in Frameworks */ = {isa = PBXBuildFile; fileRef = E45BE9770E8CC7DD009D7055 /* CoreServices.framework */; };
		E45BE9830E8CC7DD009D7055 /* OpenGL.framework in Frameworks */ = {isa = PBXBuildFile; fileRef = E45BE9790E8CC7DD009D7055 /* OpenGL.framework */; };
		E45BE9840E8CC7DD009D7055 /* QuickTime.framework in Frameworks */ = {isa = PBXBuildFile; fileRef = E45BE97A0E8CC7DD009D7055 /* QuickTime.framework */; };
		E4B69E200A3A1BDC003C02F2 /* main.cpp in Sources */ = {isa = PBXBuildFile; fileRef = E4B69E1D0A3A1BDC003C02F2 /* main.cpp */; };
		E4B69E210A3A1BDC003C02F2 /* ofApp.cpp in Sources */ = {isa = PBXBuildFile; fileRef = E4B69E1E0A3A1BDC003C02F2 /* ofApp.cpp */; };
		E4C2424710CC5A17004149E2 /* AppKit.framework in Frameworks */ = {isa = PBXBuildFile; fileRef = E4C2424410CC5A17004149E2 /* AppKit.framework */; };
		E4C2424810CC5A17004149E2 /* Cocoa.framework in Frameworks */ = {isa = PBXBuildFile; fileRef = E4C2424510CC5A17004149E2 /* Cocoa.framework */; };
		E4C2424910CC5A17004149E2 /* IOKit.framework in Frameworks */ = {isa = PBXBuildFile; fileRef = E4C2424610CC5A17004149E2 /* IOKit.framework */; };
		E4EB6799138ADC1D00A09F29 /* GLUT.framework in Frameworks */ = {isa = PBXBuildFile; fileRef = BBAB23BE13894E4700AA2426 /* GLUT.framework */; };
		E7E077E515D3B63C0020DFD4 /* CoreVideo.framework in Frameworks */ = {isa = PBXBuildFile; fileRef = E7E077E415D3B63C0020DFD4 /* CoreVideo.framework */; };
		E7E077E815D3B6510020DFD4 /* QTKit.framework in Frameworks */ = {isa = PBXBuildFile; fileRef = E7E077E715D3B6510020DFD4 /* QTKit.framework */; };
		E7F985F815E0DEA3003869B5 /* Accelerate.framework in Frameworks */ = {isa = PBXBuildFile; fileRef = E7F985F515E0DE99003869B5 /* Accelerate.framework */; };
/* End PBXBuildFile section */

/* Begin PBXContainerItemProxy section */
		E4328147138ABC890047C5CB /* PBXContainerItemProxy */ = {
			isa = PBXContainerItemProxy;
			containerPortal = E4328143138ABC890047C5CB /* openFrameworksLib.xcodeproj */;
			proxyType = 2;
			remoteGlobalIDString = E4B27C1510CBEB8E00536013;
			remoteInfo = openFrameworks;
		};
		E4EEB9AB138B136A00A80321 /* PBXContainerItemProxy */ = {
			isa = PBXContainerItemProxy;
			containerPortal = E4328143138ABC890047C5CB /* openFrameworksLib.xcodeproj */;
			proxyType = 1;
			remoteGlobalIDString = E4B27C1410CBEB8E00536013;
			remoteInfo = openFrameworks;
		};
/* End PBXContainerItemProxy section */

/* Begin PBXCopyFilesBuildPhase section */
		E4C2427710CC5ABF004149E2 /* CopyFiles */ = {
			isa = PBXCopyFilesBuildPhase;
			buildActionMask = 2147483647;
			dstPath = "";
			dstSubfolderSpec = 10;
			files = (
				BBAB23CB13894F3D00AA2426 /* GLUT.framework in CopyFiles */,
				A345BDCE1AFB5EFF006D309B /* Syphon.framework in CopyFiles */,
			);
			runOnlyForDeploymentPostprocessing = 0;
		};
/* End PBXCopyFilesBuildPhase section */

/* Begin PBXFileReference section */
		A32A46EA1AFB8A2D00FBF6CD /* AugmentaEvents.cpp */ = {isa = PBXFileReference; fileEncoding = 4; lastKnownFileType = sourcecode.cpp.cpp; path = AugmentaEvents.cpp; sourceTree = "<group>"; };
		A32A46EB1AFB8A2D00FBF6CD /* AugmentaEvents.h */ = {isa = PBXFileReference; fileEncoding = 4; lastKnownFileType = sourcecode.c.h; path = AugmentaEvents.h; sourceTree = "<group>"; };
		A32A46EC1AFB8A2D00FBF6CD /* AugmentaInteractiveArea.cpp */ = {isa = PBXFileReference; fileEncoding = 4; lastKnownFileType = sourcecode.cpp.cpp; path = AugmentaInteractiveArea.cpp; sourceTree = "<group>"; };
		A32A46ED1AFB8A2D00FBF6CD /* AugmentaInteractiveArea.h */ = {isa = PBXFileReference; fileEncoding = 4; lastKnownFileType = sourcecode.c.h; path = AugmentaInteractiveArea.h; sourceTree = "<group>"; };
		A32A46EE1AFB8A2D00FBF6CD /* AugmentaPerson.cpp */ = {isa = PBXFileReference; fileEncoding = 4; lastKnownFileType = sourcecode.cpp.cpp; path = AugmentaPerson.cpp; sourceTree = "<group>"; };
		A32A46EF1AFB8A2D00FBF6CD /* AugmentaPerson.h */ = {isa = PBXFileReference; fileEncoding = 4; lastKnownFileType = sourcecode.c.h; path = AugmentaPerson.h; sourceTree = "<group>"; };
		A32A46F01AFB8A2D00FBF6CD /* AugmentaScene.cpp */ = {isa = PBXFileReference; fileEncoding = 4; lastKnownFileType = sourcecode.cpp.cpp; path = AugmentaScene.cpp; sourceTree = "<group>"; };
		A32A46F11AFB8A2D00FBF6CD /* AugmentaScene.h */ = {isa = PBXFileReference; fileEncoding = 4; lastKnownFileType = sourcecode.c.h; path = AugmentaScene.h; sourceTree = "<group>"; };
		A32A46F21AFB8A2D00FBF6CD /* ofxAugmenta.cpp */ = {isa = PBXFileReference; fileEncoding = 4; lastKnownFileType = sourcecode.cpp.cpp; path = ofxAugmenta.cpp; sourceTree = "<group>"; };
		A32A46F31AFB8A2D00FBF6CD /* ofxAugmenta.h */ = {isa = PBXFileReference; fileEncoding = 4; lastKnownFileType = sourcecode.c.h; path = ofxAugmenta.h; sourceTree = "<group>"; };
		A345BD531AFB5E99006D309B /* IpEndpointName.cpp */ = {isa = PBXFileReference; fileEncoding = 4; lastKnownFileType = sourcecode.cpp.cpp; path = IpEndpointName.cpp; sourceTree = "<group>"; };
		A345BD541AFB5E99006D309B /* IpEndpointName.h */ = {isa = PBXFileReference; fileEncoding = 4; lastKnownFileType = sourcecode.c.h; path = IpEndpointName.h; sourceTree = "<group>"; };
		A345BD551AFB5E99006D309B /* NetworkingUtils.h */ = {isa = PBXFileReference; fileEncoding = 4; lastKnownFileType = sourcecode.c.h; path = NetworkingUtils.h; sourceTree = "<group>"; };
		A345BD561AFB5E99006D309B /* PacketListener.h */ = {isa = PBXFileReference; fileEncoding = 4; lastKnownFileType = sourcecode.c.h; path = PacketListener.h; sourceTree = "<group>"; };
		A345BD581AFB5E99006D309B /* NetworkingUtils.cpp */ = {isa = PBXFileReference; fileEncoding = 4; lastKnownFileType = sourcecode.cpp.cpp; path = NetworkingUtils.cpp; sourceTree = "<group>"; };
		A345BD591AFB5E99006D309B /* UdpSocket.cpp */ = {isa = PBXFileReference; fileEncoding = 4; lastKnownFileType = sourcecode.cpp.cpp; path = UdpSocket.cpp; sourceTree = "<group>"; };
		A345BD5A1AFB5E99006D309B /* TimerListener.h */ = {isa = PBXFileReference; fileEncoding = 4; lastKnownFileType = sourcecode.c.h; path = TimerListener.h; sourceTree = "<group>"; };
		A345BD5B1AFB5E99006D309B /* UdpSocket.h */ = {isa = PBXFileReference; fileEncoding = 4; lastKnownFileType = sourcecode.c.h; path = UdpSocket.h; sourceTree = "<group>"; };
		A345BD5D1AFB5E99006D309B /* NetworkingUtilsWin.cpp */ = {isa = PBXFileReference; fileEncoding = 4; lastKnownFileType = sourcecode.cpp.cpp; path = NetworkingUtilsWin.cpp; sourceTree = "<group>"; };
		A345BD5E1AFB5E99006D309B /* UdpSocketWin.cpp */ = {isa = PBXFileReference; fileEncoding = 4; lastKnownFileType = sourcecode.cpp.cpp; path = UdpSocketWin.cpp; sourceTree = "<group>"; };
		A345BD601AFB5E99006D309B /* MessageMappingOscPacketListener.h */ = {isa = PBXFileReference; fileEncoding = 4; lastKnownFileType = sourcecode.c.h; path = MessageMappingOscPacketListener.h; sourceTree = "<group>"; };
		A345BD611AFB5E99006D309B /* OscException.h */ = {isa = PBXFileReference; fileEncoding = 4; lastKnownFileType = sourcecode.c.h; path = OscException.h; sourceTree = "<group>"; };
		A345BD621AFB5E99006D309B /* OscHostEndianness.h */ = {isa = PBXFileReference; fileEncoding = 4; lastKnownFileType = sourcecode.c.h; path = OscHostEndianness.h; sourceTree = "<group>"; };
		A345BD631AFB5E99006D309B /* OscOutboundPacketStream.cpp */ = {isa = PBXFileReference; fileEncoding = 4; lastKnownFileType = sourcecode.cpp.cpp; path = OscOutboundPacketStream.cpp; sourceTree = "<group>"; };
		A345BD641AFB5E99006D309B /* OscOutboundPacketStream.h */ = {isa = PBXFileReference; fileEncoding = 4; lastKnownFileType = sourcecode.c.h; path = OscOutboundPacketStream.h; sourceTree = "<group>"; };
		A345BD651AFB5E99006D309B /* OscPacketListener.h */ = {isa = PBXFileReference; fileEncoding = 4; lastKnownFileType = sourcecode.c.h; path = OscPacketListener.h; sourceTree = "<group>"; };
		A345BD661AFB5E99006D309B /* OscPrintReceivedElements.cpp */ = {isa = PBXFileReference; fileEncoding = 4; lastKnownFileType = sourcecode.cpp.cpp; path = OscPrintReceivedElements.cpp; sourceTree = "<group>"; };
		A345BD671AFB5E99006D309B /* OscPrintReceivedElements.h */ = {isa = PBXFileReference; fileEncoding = 4; lastKnownFileType = sourcecode.c.h; path = OscPrintReceivedElements.h; sourceTree = "<group>"; };
		A345BD681AFB5E99006D309B /* OscReceivedElements.cpp */ = {isa = PBXFileReference; fileEncoding = 4; lastKnownFileType = sourcecode.cpp.cpp; path = OscReceivedElements.cpp; sourceTree = "<group>"; };
		A345BD691AFB5E99006D309B /* OscReceivedElements.h */ = {isa = PBXFileReference; fileEncoding = 4; lastKnownFileType = sourcecode.c.h; path = OscReceivedElements.h; sourceTree = "<group>"; };
		A345BD6A1AFB5E99006D309B /* OscTypes.cpp */ = {isa = PBXFileReference; fileEncoding = 4; lastKnownFileType = sourcecode.cpp.cpp; path = OscTypes.cpp; sourceTree = "<group>"; };
		A345BD6B1AFB5E99006D309B /* OscTypes.h */ = {isa = PBXFileReference; fileEncoding = 4; lastKnownFileType = sourcecode.c.h; path = OscTypes.h; sourceTree = "<group>"; };
		A345BD6D1AFB5E99006D309B /* ofxOsc.h */ = {isa = PBXFileReference; fileEncoding = 4; lastKnownFileType = sourcecode.c.h; path = ofxOsc.h; sourceTree = "<group>"; };
		A345BD6E1AFB5E99006D309B /* ofxOscArg.h */ = {isa = PBXFileReference; fileEncoding = 4; lastKnownFileType = sourcecode.c.h; path = ofxOscArg.h; sourceTree = "<group>"; };
		A345BD6F1AFB5E99006D309B /* ofxOscBundle.cpp */ = {isa = PBXFileReference; fileEncoding = 4; lastKnownFileType = sourcecode.cpp.cpp; path = ofxOscBundle.cpp; sourceTree = "<group>"; };
		A345BD701AFB5E99006D309B /* ofxOscBundle.h */ = {isa = PBXFileReference; fileEncoding = 4; lastKnownFileType = sourcecode.c.h; path = ofxOscBundle.h; sourceTree = "<group>"; };
		A345BD711AFB5E99006D309B /* ofxOscMessage.cpp */ = {isa = PBXFileReference; fileEncoding = 4; lastKnownFileType = sourcecode.cpp.cpp; path = ofxOscMessage.cpp; sourceTree = "<group>"; };
		A345BD721AFB5E99006D309B /* ofxOscMessage.h */ = {isa = PBXFileReference; fileEncoding = 4; lastKnownFileType = sourcecode.c.h; path = ofxOscMessage.h; sourceTree = "<group>"; };
		A345BD731AFB5E99006D309B /* ofxOscParameterSync.cpp */ = {isa = PBXFileReference; fileEncoding = 4; lastKnownFileType = sourcecode.cpp.cpp; path = ofxOscParameterSync.cpp; sourceTree = "<group>"; };
		A345BD741AFB5E99006D309B /* ofxOscParameterSync.h */ = {isa = PBXFileReference; fileEncoding = 4; lastKnownFileType = sourcecode.c.h; path = ofxOscParameterSync.h; sourceTree = "<group>"; };
		A345BD751AFB5E99006D309B /* ofxOscReceiver.cpp */ = {isa = PBXFileReference; fileEncoding = 4; lastKnownFileType = sourcecode.cpp.cpp; path = ofxOscReceiver.cpp; sourceTree = "<group>"; };
		A345BD761AFB5E99006D309B /* ofxOscReceiver.h */ = {isa = PBXFileReference; fileEncoding = 4; lastKnownFileType = sourcecode.c.h; path = ofxOscReceiver.h; sourceTree = "<group>"; };
		A345BD771AFB5E99006D309B /* ofxOscSender.cpp */ = {isa = PBXFileReference; fileEncoding = 4; lastKnownFileType = sourcecode.cpp.cpp; path = ofxOscSender.cpp; sourceTree = "<group>"; };
		A345BD781AFB5E99006D309B /* ofxOscSender.h */ = {isa = PBXFileReference; fileEncoding = 4; lastKnownFileType = sourcecode.c.h; path = ofxOscSender.h; sourceTree = "<group>"; };
		A345BD891AFB5EBE006D309B /* tinyxml.cpp */ = {isa = PBXFileReference; fileEncoding = 4; lastKnownFileType = sourcecode.cpp.cpp; path = tinyxml.cpp; sourceTree = "<group>"; };
		A345BD8A1AFB5EBE006D309B /* tinyxml.h */ = {isa = PBXFileReference; fileEncoding = 4; lastKnownFileType = sourcecode.c.h; path = tinyxml.h; sourceTree = "<group>"; };
		A345BD8B1AFB5EBE006D309B /* tinyxmlerror.cpp */ = {isa = PBXFileReference; fileEncoding = 4; lastKnownFileType = sourcecode.cpp.cpp; path = tinyxmlerror.cpp; sourceTree = "<group>"; };
		A345BD8C1AFB5EBE006D309B /* tinyxmlparser.cpp */ = {isa = PBXFileReference; fileEncoding = 4; lastKnownFileType = sourcecode.cpp.cpp; path = tinyxmlparser.cpp; sourceTree = "<group>"; };
		A345BD8E1AFB5EBE006D309B /* ofxXmlSettings.cpp */ = {isa = PBXFileReference; fileEncoding = 4; lastKnownFileType = sourcecode.cpp.cpp; path = ofxXmlSettings.cpp; sourceTree = "<group>"; };
		A345BD8F1AFB5EBE006D309B /* ofxXmlSettings.h */ = {isa = PBXFileReference; fileEncoding = 4; lastKnownFileType = sourcecode.c.h; path = ofxXmlSettings.h; sourceTree = "<group>"; };
		A345BDB11AFB5ED6006D309B /* Syphon.framework */ = {isa = PBXFileReference; lastKnownFileType = wrapper.framework; path = Syphon.framework; sourceTree = "<group>"; };
		A345BDB31AFB5ED6006D309B /* SyphonNameboundClient.h */ = {isa = PBXFileReference; fileEncoding = 4; lastKnownFileType = sourcecode.c.h; path = SyphonNameboundClient.h; sourceTree = "<group>"; };
		A345BDB41AFB5ED6006D309B /* SyphonNameboundClient.m */ = {isa = PBXFileReference; fileEncoding = 4; lastKnownFileType = sourcecode.c.objc; path = SyphonNameboundClient.m; sourceTree = "<group>"; };
		A345BDB81AFB5ED6006D309B /* ofxSyphon.h */ = {isa = PBXFileReference; fileEncoding = 4; lastKnownFileType = sourcecode.c.h; path = ofxSyphon.h; sourceTree = "<group>"; };
		A345BDB91AFB5ED6006D309B /* ofxSyphonClient.h */ = {isa = PBXFileReference; fileEncoding = 4; lastKnownFileType = sourcecode.c.h; path = ofxSyphonClient.h; sourceTree = "<group>"; };
		A345BDBA1AFB5ED6006D309B /* ofxSyphonClient.mm */ = {isa = PBXFileReference; fileEncoding = 4; lastKnownFileType = sourcecode.cpp.objcpp; path = ofxSyphonClient.mm; sourceTree = "<group>"; };
		A345BDBB1AFB5ED6006D309B /* ofxSyphonServer.h */ = {isa = PBXFileReference; fileEncoding = 4; lastKnownFileType = sourcecode.c.h; path = ofxSyphonServer.h; sourceTree = "<group>"; };
		A345BDBC1AFB5ED6006D309B /* ofxSyphonServer.mm */ = {isa = PBXFileReference; fileEncoding = 4; lastKnownFileType = sourcecode.cpp.objcpp; path = ofxSyphonServer.mm; sourceTree = "<group>"; };
		A345BDBD1AFB5ED6006D309B /* ofxSyphonServerDirectory.h */ = {isa = PBXFileReference; fileEncoding = 4; lastKnownFileType = sourcecode.c.h; path = ofxSyphonServerDirectory.h; sourceTree = "<group>"; };
		A345BDBE1AFB5ED6006D309B /* ofxSyphonServerDirectory.mm */ = {isa = PBXFileReference; fileEncoding = 4; lastKnownFileType = sourcecode.cpp.objcpp; path = ofxSyphonServerDirectory.mm; sourceTree = "<group>"; };
		A345BDD01AFB6124006D309B /* AudioFileSet.cpp */ = {isa = PBXFileReference; fileEncoding = 4; lastKnownFileType = sourcecode.cpp.cpp; path = AudioFileSet.cpp; sourceTree = "<group>"; };
		A345BDD11AFB6124006D309B /* AudioFileSet.h */ = {isa = PBXFileReference; fileEncoding = 4; lastKnownFileType = sourcecode.c.h; path = AudioFileSet.h; sourceTree = "<group>"; };
		A345BDD31AFB6124006D309B /* GrainCluster.cpp */ = {isa = PBXFileReference; fileEncoding = 4; lastKnownFileType = sourcecode.cpp.cpp; path = GrainCluster.cpp; sourceTree = "<group>"; };
		A345BDD41AFB6124006D309B /* GrainCluster.h */ = {isa = PBXFileReference; fileEncoding = 4; lastKnownFileType = sourcecode.c.h; path = GrainCluster.h; sourceTree = "<group>"; };
		A345BDD51AFB6124006D309B /* GrainVoice.cpp */ = {isa = PBXFileReference; fileEncoding = 4; lastKnownFileType = sourcecode.cpp.cpp; path = GrainVoice.cpp; sourceTree = "<group>"; };
		A345BDD61AFB6124006D309B /* GrainVoice.h */ = {isa = PBXFileReference; fileEncoding = 4; lastKnownFileType = sourcecode.c.h; path = GrainVoice.h; sourceTree = "<group>"; };
		A345BDD71AFB6124006D309B /* GTime.cpp */ = {isa = PBXFileReference; fileEncoding = 4; lastKnownFileType = sourcecode.cpp.cpp; path = GTime.cpp; sourceTree = "<group>"; };
		A345BDD81AFB6124006D309B /* GTime.h */ = {isa = PBXFileReference; fileEncoding = 4; lastKnownFileType = sourcecode.c.h; path = GTime.h; sourceTree = "<group>"; };
		A345BDD91AFB6124006D309B /* MyRtAudio.cpp */ = {isa = PBXFileReference; fileEncoding = 4; lastKnownFileType = sourcecode.cpp.cpp; path = MyRtAudio.cpp; sourceTree = "<group>"; };
		A345BDDA1AFB6124006D309B /* MyRtAudio.h */ = {isa = PBXFileReference; fileEncoding = 4; lastKnownFileType = sourcecode.c.h; path = MyRtAudio.h; sourceTree = "<group>"; };
		A345BDDB1AFB6124006D309B /* RtAudio.cpp */ = {isa = PBXFileReference; fileEncoding = 4; lastKnownFileType = sourcecode.cpp.cpp; path = RtAudio.cpp; sourceTree = "<group>"; };
		A345BDDC1AFB6124006D309B /* RtAudio.h */ = {isa = PBXFileReference; fileEncoding = 4; lastKnownFileType = sourcecode.c.h; path = RtAudio.h; sourceTree = "<group>"; };
		A345BDDD1AFB6124006D309B /* RtError.h */ = {isa = PBXFileReference; fileEncoding = 4; lastKnownFileType = sourcecode.c.h; path = RtError.h; sourceTree = "<group>"; };
		A345BDDE1AFB6124006D309B /* RtMidi.cpp */ = {isa = PBXFileReference; fileEncoding = 4; lastKnownFileType = sourcecode.cpp.cpp; path = RtMidi.cpp; sourceTree = "<group>"; };
		A345BDDF1AFB6124006D309B /* RtMidi.h */ = {isa = PBXFileReference; fileEncoding = 4; lastKnownFileType = sourcecode.c.h; path = RtMidi.h; sourceTree = "<group>"; };
		A345BDE01AFB6124006D309B /* SoundRect.cpp */ = {isa = PBXFileReference; fileEncoding = 4; lastKnownFileType = sourcecode.cpp.cpp; path = SoundRect.cpp; sourceTree = "<group>"; };
		A345BDE11AFB6124006D309B /* SoundRect.h */ = {isa = PBXFileReference; fileEncoding = 4; lastKnownFileType = sourcecode.c.h; path = SoundRect.h; sourceTree = "<group>"; };
		A345BDE21AFB6124006D309B /* Stk.cpp */ = {isa = PBXFileReference; fileEncoding = 4; lastKnownFileType = sourcecode.cpp.cpp; path = Stk.cpp; sourceTree = "<group>"; };
		A345BDE31AFB6124006D309B /* Stk.h */ = {isa = PBXFileReference; fileEncoding = 4; lastKnownFileType = sourcecode.c.h; path = Stk.h; sourceTree = "<group>"; };
		A345BDE41AFB6124006D309B /* theglobals.h */ = {isa = PBXFileReference; fileEncoding = 4; lastKnownFileType = sourcecode.c.h; path = theglobals.h; sourceTree = "<group>"; };
		A345BDE51AFB6124006D309B /* Thread.cpp */ = {isa = PBXFileReference; fileEncoding = 4; lastKnownFileType = sourcecode.cpp.cpp; path = Thread.cpp; sourceTree = "<group>"; };
		A345BDE61AFB6124006D309B /* Thread.h */ = {isa = PBXFileReference; fileEncoding = 4; lastKnownFileType = sourcecode.c.h; path = Thread.h; sourceTree = "<group>"; };
		A345BDE71AFB6124006D309B /* Window.cpp */ = {isa = PBXFileReference; fileEncoding = 4; lastKnownFileType = sourcecode.cpp.cpp; path = Window.cpp; sourceTree = "<group>"; };
		A345BDE81AFB6124006D309B /* Window.h */ = {isa = PBXFileReference; fileEncoding = 4; lastKnownFileType = sourcecode.c.h; path = Window.h; sourceTree = "<group>"; };
		A345BE211AFB6AED006D309B /* sndfile.h */ = {isa = PBXFileReference; fileEncoding = 4; lastKnownFileType = sourcecode.c.h; path = sndfile.h; sourceTree = "<group>"; };
		A345BE221AFB6AED006D309B /* sndfile.hh */ = {isa = PBXFileReference; fileEncoding = 4; lastKnownFileType = sourcecode.cpp.h; path = sndfile.hh; sourceTree = "<group>"; };
		A345BE251AFB6AED006D309B /* scUBlibsndfile.a */ = {isa = PBXFileReference; lastKnownFileType = archive.ar; path = scUBlibsndfile.a; sourceTree = "<group>"; };
		A345BE2B1AFB6AED006D309B /* ofxLibsndFileRecorder.cpp */ = {isa = PBXFileReference; fileEncoding = 4; lastKnownFileType = sourcecode.cpp.cpp; path = ofxLibsndFileRecorder.cpp; sourceTree = "<group>"; };
		A345BE2C1AFB6AED006D309B /* ofxLibsndFileRecorder.h */ = {isa = PBXFileReference; fileEncoding = 4; lastKnownFileType = sourcecode.c.h; path = ofxLibsndFileRecorder.h; sourceTree = "<group>"; };
		BBAB23BE13894E4700AA2426 /* GLUT.framework */ = {isa = PBXFileReference; lastKnownFileType = wrapper.framework; name = GLUT.framework; path = ../../../libs/glut/lib/osx/GLUT.framework; sourceTree = "<group>"; };
		E4328143138ABC890047C5CB /* openFrameworksLib.xcodeproj */ = {isa = PBXFileReference; lastKnownFileType = "wrapper.pb-project"; name = openFrameworksLib.xcodeproj; path = ../../../libs/openFrameworksCompiled/project/osx/openFrameworksLib.xcodeproj; sourceTree = SOURCE_ROOT; };
		E45BE9710E8CC7DD009D7055 /* AGL.framework */ = {isa = PBXFileReference; lastKnownFileType = wrapper.framework; name = AGL.framework; path = /System/Library/Frameworks/AGL.framework; sourceTree = "<absolute>"; };
		E45BE9720E8CC7DD009D7055 /* ApplicationServices.framework */ = {isa = PBXFileReference; lastKnownFileType = wrapper.framework; name = ApplicationServices.framework; path = /System/Library/Frameworks/ApplicationServices.framework; sourceTree = "<absolute>"; };
		E45BE9730E8CC7DD009D7055 /* AudioToolbox.framework */ = {isa = PBXFileReference; lastKnownFileType = wrapper.framework; name = AudioToolbox.framework; path = /System/Library/Frameworks/AudioToolbox.framework; sourceTree = "<absolute>"; };
		E45BE9750E8CC7DD009D7055 /* CoreAudio.framework */ = {isa = PBXFileReference; lastKnownFileType = wrapper.framework; name = CoreAudio.framework; path = /System/Library/Frameworks/CoreAudio.framework; sourceTree = "<absolute>"; };
		E45BE9760E8CC7DD009D7055 /* CoreFoundation.framework */ = {isa = PBXFileReference; lastKnownFileType = wrapper.framework; name = CoreFoundation.framework; path = /System/Library/Frameworks/CoreFoundation.framework; sourceTree = "<absolute>"; };
		E45BE9770E8CC7DD009D7055 /* CoreServices.framework */ = {isa = PBXFileReference; lastKnownFileType = wrapper.framework; name = CoreServices.framework; path = /System/Library/Frameworks/CoreServices.framework; sourceTree = "<absolute>"; };
		E45BE9790E8CC7DD009D7055 /* OpenGL.framework */ = {isa = PBXFileReference; lastKnownFileType = wrapper.framework; name = OpenGL.framework; path = /System/Library/Frameworks/OpenGL.framework; sourceTree = "<absolute>"; };
		E45BE97A0E8CC7DD009D7055 /* QuickTime.framework */ = {isa = PBXFileReference; lastKnownFileType = wrapper.framework; name = QuickTime.framework; path = /System/Library/Frameworks/QuickTime.framework; sourceTree = "<absolute>"; };
		E4B69B5B0A3A1756003C02F2 /* Augmenta-BorderlandsDebug.app */ = {isa = PBXFileReference; explicitFileType = wrapper.application; includeInIndex = 0; path = "Augmenta-BorderlandsDebug.app"; sourceTree = BUILT_PRODUCTS_DIR; };
		E4B69E1D0A3A1BDC003C02F2 /* main.cpp */ = {isa = PBXFileReference; fileEncoding = 30; lastKnownFileType = sourcecode.cpp.cpp; name = main.cpp; path = src/main.cpp; sourceTree = SOURCE_ROOT; };
		E4B69E1E0A3A1BDC003C02F2 /* ofApp.cpp */ = {isa = PBXFileReference; explicitFileType = sourcecode.cpp.cpp; fileEncoding = 30; name = ofApp.cpp; path = src/ofApp.cpp; sourceTree = SOURCE_ROOT; };
		E4B69E1F0A3A1BDC003C02F2 /* ofApp.h */ = {isa = PBXFileReference; fileEncoding = 30; lastKnownFileType = sourcecode.c.h; name = ofApp.h; path = src/ofApp.h; sourceTree = SOURCE_ROOT; };
		E4B6FCAD0C3E899E008CF71C /* openFrameworks-Info.plist */ = {isa = PBXFileReference; fileEncoding = 30; lastKnownFileType = text.plist.xml; path = "openFrameworks-Info.plist"; sourceTree = "<group>"; };
		E4C2424410CC5A17004149E2 /* AppKit.framework */ = {isa = PBXFileReference; lastKnownFileType = wrapper.framework; name = AppKit.framework; path = /System/Library/Frameworks/AppKit.framework; sourceTree = "<absolute>"; };
		E4C2424510CC5A17004149E2 /* Cocoa.framework */ = {isa = PBXFileReference; lastKnownFileType = wrapper.framework; name = Cocoa.framework; path = /System/Library/Frameworks/Cocoa.framework; sourceTree = "<absolute>"; };
		E4C2424610CC5A17004149E2 /* IOKit.framework */ = {isa = PBXFileReference; lastKnownFileType = wrapper.framework; name = IOKit.framework; path = /System/Library/Frameworks/IOKit.framework; sourceTree = "<absolute>"; };
		E4EB691F138AFCF100A09F29 /* CoreOF.xcconfig */ = {isa = PBXFileReference; fileEncoding = 4; lastKnownFileType = text.xcconfig; name = CoreOF.xcconfig; path = ../../../libs/openFrameworksCompiled/project/osx/CoreOF.xcconfig; sourceTree = SOURCE_ROOT; };
		E4EB6923138AFD0F00A09F29 /* Project.xcconfig */ = {isa = PBXFileReference; fileEncoding = 4; lastKnownFileType = text.xcconfig; path = Project.xcconfig; sourceTree = "<group>"; };
		E7E077E415D3B63C0020DFD4 /* CoreVideo.framework */ = {isa = PBXFileReference; lastKnownFileType = wrapper.framework; name = CoreVideo.framework; path = /System/Library/Frameworks/CoreVideo.framework; sourceTree = "<absolute>"; };
		E7E077E715D3B6510020DFD4 /* QTKit.framework */ = {isa = PBXFileReference; lastKnownFileType = wrapper.framework; name = QTKit.framework; path = /System/Library/Frameworks/QTKit.framework; sourceTree = "<absolute>"; };
		E7F985F515E0DE99003869B5 /* Accelerate.framework */ = {isa = PBXFileReference; lastKnownFileType = wrapper.framework; name = Accelerate.framework; path = /System/Library/Frameworks/Accelerate.framework; sourceTree = "<absolute>"; };
/* End PBXFileReference section */

/* Begin PBXFrameworksBuildPhase section */
		E4B69B590A3A1756003C02F2 /* Frameworks */ = {
			isa = PBXFrameworksBuildPhase;
			buildActionMask = 2147483647;
			files = (
				E7F985F815E0DEA3003869B5 /* Accelerate.framework in Frameworks */,
				E7E077E815D3B6510020DFD4 /* QTKit.framework in Frameworks */,
				A345BDC31AFB5ED6006D309B /* Syphon.framework in Frameworks */,
				E4EB6799138ADC1D00A09F29 /* GLUT.framework in Frameworks */,
				E4328149138ABC9F0047C5CB /* openFrameworksDebug.a in Frameworks */,
				E45BE97B0E8CC7DD009D7055 /* AGL.framework in Frameworks */,
				E45BE97C0E8CC7DD009D7055 /* ApplicationServices.framework in Frameworks */,
				E45BE97D0E8CC7DD009D7055 /* AudioToolbox.framework in Frameworks */,
				E45BE97F0E8CC7DD009D7055 /* CoreAudio.framework in Frameworks */,
				E45BE9800E8CC7DD009D7055 /* CoreFoundation.framework in Frameworks */,
				A345BE301AFB6AED006D309B /* scUBlibsndfile.a in Frameworks */,
				E45BE9810E8CC7DD009D7055 /* CoreServices.framework in Frameworks */,
				E45BE9830E8CC7DD009D7055 /* OpenGL.framework in Frameworks */,
				E45BE9840E8CC7DD009D7055 /* QuickTime.framework in Frameworks */,
				E4C2424710CC5A17004149E2 /* AppKit.framework in Frameworks */,
				E4C2424810CC5A17004149E2 /* Cocoa.framework in Frameworks */,
				E4C2424910CC5A17004149E2 /* IOKit.framework in Frameworks */,
				E7E077E515D3B63C0020DFD4 /* CoreVideo.framework in Frameworks */,
			);
			runOnlyForDeploymentPostprocessing = 0;
		};
/* End PBXFrameworksBuildPhase section */

/* Begin PBXGroup section */
		A32A46E91AFB8A2D00FBF6CD /* src */ = {
			isa = PBXGroup;
			children = (
				A32A46EA1AFB8A2D00FBF6CD /* AugmentaEvents.cpp */,
				A32A46EB1AFB8A2D00FBF6CD /* AugmentaEvents.h */,
				A32A46EC1AFB8A2D00FBF6CD /* AugmentaInteractiveArea.cpp */,
				A32A46ED1AFB8A2D00FBF6CD /* AugmentaInteractiveArea.h */,
				A32A46EE1AFB8A2D00FBF6CD /* AugmentaPerson.cpp */,
				A32A46EF1AFB8A2D00FBF6CD /* AugmentaPerson.h */,
				A32A46F01AFB8A2D00FBF6CD /* AugmentaScene.cpp */,
				A32A46F11AFB8A2D00FBF6CD /* AugmentaScene.h */,
				A32A46F21AFB8A2D00FBF6CD /* ofxAugmenta.cpp */,
				A32A46F31AFB8A2D00FBF6CD /* ofxAugmenta.h */,
			);
			path = src;
			sourceTree = "<group>";
		};
		A345BD121AFB5E67006D309B /* ofxAugmenta */ = {
			isa = PBXGroup;
			children = (
				A32A46E91AFB8A2D00FBF6CD /* src */,
			);
			name = ofxAugmenta;
			path = ../../../addons/ofxAugmenta;
			sourceTree = "<group>";
		};
		A345BD4E1AFB5E99006D309B /* ofxOsc */ = {
			isa = PBXGroup;
			children = (
				A345BD4F1AFB5E99006D309B /* libs */,
				A345BD6C1AFB5E99006D309B /* src */,
			);
			name = ofxOsc;
			path = ../../../addons/ofxOsc;
			sourceTree = "<group>";
		};
		A345BD4F1AFB5E99006D309B /* libs */ = {
			isa = PBXGroup;
			children = (
				A345BD501AFB5E99006D309B /* oscpack */,
			);
			path = libs;
			sourceTree = "<group>";
		};
		A345BD501AFB5E99006D309B /* oscpack */ = {
			isa = PBXGroup;
			children = (
				A345BD511AFB5E99006D309B /* src */,
			);
			path = oscpack;
			sourceTree = "<group>";
		};
		A345BD511AFB5E99006D309B /* src */ = {
			isa = PBXGroup;
			children = (
				A345BD521AFB5E99006D309B /* ip */,
				A345BD5F1AFB5E99006D309B /* osc */,
			);
			path = src;
			sourceTree = "<group>";
		};
		A345BD521AFB5E99006D309B /* ip */ = {
			isa = PBXGroup;
			children = (
				A345BD531AFB5E99006D309B /* IpEndpointName.cpp */,
				A345BD541AFB5E99006D309B /* IpEndpointName.h */,
				A345BD551AFB5E99006D309B /* NetworkingUtils.h */,
				A345BD561AFB5E99006D309B /* PacketListener.h */,
				A345BD571AFB5E99006D309B /* posix */,
				A345BD5A1AFB5E99006D309B /* TimerListener.h */,
				A345BD5B1AFB5E99006D309B /* UdpSocket.h */,
				A345BD5C1AFB5E99006D309B /* win32 */,
			);
			path = ip;
			sourceTree = "<group>";
		};
		A345BD571AFB5E99006D309B /* posix */ = {
			isa = PBXGroup;
			children = (
				A345BD581AFB5E99006D309B /* NetworkingUtils.cpp */,
				A345BD591AFB5E99006D309B /* UdpSocket.cpp */,
			);
			path = posix;
			sourceTree = "<group>";
		};
		A345BD5C1AFB5E99006D309B /* win32 */ = {
			isa = PBXGroup;
			children = (
				A345BD5D1AFB5E99006D309B /* NetworkingUtilsWin.cpp */,
				A345BD5E1AFB5E99006D309B /* UdpSocketWin.cpp */,
			);
			path = win32;
			sourceTree = "<group>";
		};
		A345BD5F1AFB5E99006D309B /* osc */ = {
			isa = PBXGroup;
			children = (
				A345BD601AFB5E99006D309B /* MessageMappingOscPacketListener.h */,
				A345BD611AFB5E99006D309B /* OscException.h */,
				A345BD621AFB5E99006D309B /* OscHostEndianness.h */,
				A345BD631AFB5E99006D309B /* OscOutboundPacketStream.cpp */,
				A345BD641AFB5E99006D309B /* OscOutboundPacketStream.h */,
				A345BD651AFB5E99006D309B /* OscPacketListener.h */,
				A345BD661AFB5E99006D309B /* OscPrintReceivedElements.cpp */,
				A345BD671AFB5E99006D309B /* OscPrintReceivedElements.h */,
				A345BD681AFB5E99006D309B /* OscReceivedElements.cpp */,
				A345BD691AFB5E99006D309B /* OscReceivedElements.h */,
				A345BD6A1AFB5E99006D309B /* OscTypes.cpp */,
				A345BD6B1AFB5E99006D309B /* OscTypes.h */,
			);
			path = osc;
			sourceTree = "<group>";
		};
		A345BD6C1AFB5E99006D309B /* src */ = {
			isa = PBXGroup;
			children = (
				A345BD6D1AFB5E99006D309B /* ofxOsc.h */,
				A345BD6E1AFB5E99006D309B /* ofxOscArg.h */,
				A345BD6F1AFB5E99006D309B /* ofxOscBundle.cpp */,
				A345BD701AFB5E99006D309B /* ofxOscBundle.h */,
				A345BD711AFB5E99006D309B /* ofxOscMessage.cpp */,
				A345BD721AFB5E99006D309B /* ofxOscMessage.h */,
				A345BD731AFB5E99006D309B /* ofxOscParameterSync.cpp */,
				A345BD741AFB5E99006D309B /* ofxOscParameterSync.h */,
				A345BD751AFB5E99006D309B /* ofxOscReceiver.cpp */,
				A345BD761AFB5E99006D309B /* ofxOscReceiver.h */,
				A345BD771AFB5E99006D309B /* ofxOscSender.cpp */,
				A345BD781AFB5E99006D309B /* ofxOscSender.h */,
			);
			path = src;
			sourceTree = "<group>";
		};
		A345BD871AFB5EBE006D309B /* ofxXmlSettings */ = {
			isa = PBXGroup;
			children = (
				A345BD881AFB5EBE006D309B /* libs */,
				A345BD8D1AFB5EBE006D309B /* src */,
			);
			name = ofxXmlSettings;
			path = ../../../addons/ofxXmlSettings;
			sourceTree = "<group>";
		};
		A345BD881AFB5EBE006D309B /* libs */ = {
			isa = PBXGroup;
			children = (
				A345BD891AFB5EBE006D309B /* tinyxml.cpp */,
				A345BD8A1AFB5EBE006D309B /* tinyxml.h */,
				A345BD8B1AFB5EBE006D309B /* tinyxmlerror.cpp */,
				A345BD8C1AFB5EBE006D309B /* tinyxmlparser.cpp */,
			);
			path = libs;
			sourceTree = "<group>";
		};
		A345BD8D1AFB5EBE006D309B /* src */ = {
			isa = PBXGroup;
			children = (
				A345BD8E1AFB5EBE006D309B /* ofxXmlSettings.cpp */,
				A345BD8F1AFB5EBE006D309B /* ofxXmlSettings.h */,
			);
			path = src;
			sourceTree = "<group>";
		};
		A345BD941AFB5ED6006D309B /* ofxSyphon */ = {
			isa = PBXGroup;
			children = (
				A345BDAD1AFB5ED6006D309B /* libs */,
				A345BDB71AFB5ED6006D309B /* src */,
			);
			name = ofxSyphon;
			path = ../../../addons/ofxSyphon;
			sourceTree = "<group>";
		};
		A345BDAD1AFB5ED6006D309B /* libs */ = {
			isa = PBXGroup;
			children = (
				A345BDAE1AFB5ED6006D309B /* Syphon */,
			);
			path = libs;
			sourceTree = "<group>";
		};
		A345BDAE1AFB5ED6006D309B /* Syphon */ = {
			isa = PBXGroup;
			children = (
				A345BDAF1AFB5ED6006D309B /* lib */,
				A345BDB21AFB5ED6006D309B /* src */,
			);
			path = Syphon;
			sourceTree = "<group>";
		};
		A345BDAF1AFB5ED6006D309B /* lib */ = {
			isa = PBXGroup;
			children = (
				A345BDB01AFB5ED6006D309B /* osx */,
			);
			path = lib;
			sourceTree = "<group>";
		};
		A345BDB01AFB5ED6006D309B /* osx */ = {
			isa = PBXGroup;
			children = (
				A345BDB11AFB5ED6006D309B /* Syphon.framework */,
			);
			path = osx;
			sourceTree = "<group>";
		};
		A345BDB21AFB5ED6006D309B /* src */ = {
			isa = PBXGroup;
			children = (
				A345BDB31AFB5ED6006D309B /* SyphonNameboundClient.h */,
				A345BDB41AFB5ED6006D309B /* SyphonNameboundClient.m */,
			);
			path = src;
			sourceTree = "<group>";
		};
		A345BDB71AFB5ED6006D309B /* src */ = {
			isa = PBXGroup;
			children = (
				A345BDB81AFB5ED6006D309B /* ofxSyphon.h */,
				A345BDB91AFB5ED6006D309B /* ofxSyphonClient.h */,
				A345BDBA1AFB5ED6006D309B /* ofxSyphonClient.mm */,
				A345BDBB1AFB5ED6006D309B /* ofxSyphonServer.h */,
				A345BDBC1AFB5ED6006D309B /* ofxSyphonServer.mm */,
				A345BDBD1AFB5ED6006D309B /* ofxSyphonServerDirectory.h */,
				A345BDBE1AFB5ED6006D309B /* ofxSyphonServerDirectory.mm */,
			);
			path = src;
			sourceTree = "<group>";
		};
		A345BDCF1AFB6124006D309B /* Borderlands */ = {
			isa = PBXGroup;
			children = (
				A345BDD01AFB6124006D309B /* AudioFileSet.cpp */,
				A345BDD11AFB6124006D309B /* AudioFileSet.h */,
				A345BDD31AFB6124006D309B /* GrainCluster.cpp */,
				A345BDD41AFB6124006D309B /* GrainCluster.h */,
				A345BDD51AFB6124006D309B /* GrainVoice.cpp */,
				A345BDD61AFB6124006D309B /* GrainVoice.h */,
				A345BDD71AFB6124006D309B /* GTime.cpp */,
				A345BDD81AFB6124006D309B /* GTime.h */,
				A345BDD91AFB6124006D309B /* MyRtAudio.cpp */,
				A345BDDA1AFB6124006D309B /* MyRtAudio.h */,
				A345BDDB1AFB6124006D309B /* RtAudio.cpp */,
				A345BDDC1AFB6124006D309B /* RtAudio.h */,
				A345BDDD1AFB6124006D309B /* RtError.h */,
				A345BDDE1AFB6124006D309B /* RtMidi.cpp */,
				A345BDDF1AFB6124006D309B /* RtMidi.h */,
				A345BDE01AFB6124006D309B /* SoundRect.cpp */,
				A345BDE11AFB6124006D309B /* SoundRect.h */,
				A345BDE21AFB6124006D309B /* Stk.cpp */,
				A345BDE31AFB6124006D309B /* Stk.h */,
				A345BDE41AFB6124006D309B /* theglobals.h */,
				A345BDE51AFB6124006D309B /* Thread.cpp */,
				A345BDE61AFB6124006D309B /* Thread.h */,
				A345BDE71AFB6124006D309B /* Window.cpp */,
				A345BDE81AFB6124006D309B /* Window.h */,
			);
			path = Borderlands;
			sourceTree = "<group>";
		};
		A345BE101AFB6AED006D309B /* ofxLibsndfileRecorder */ = {
			isa = PBXGroup;
			children = (
				A345BE1E1AFB6AED006D309B /* libs */,
				A345BE2A1AFB6AED006D309B /* src */,
			);
			name = ofxLibsndfileRecorder;
			path = ../../../addons/ofxLibsndfileRecorder;
			sourceTree = "<group>";
		};
		A345BE1E1AFB6AED006D309B /* libs */ = {
			isa = PBXGroup;
			children = (
				A345BE1F1AFB6AED006D309B /* libsndfile */,
			);
			path = libs;
			sourceTree = "<group>";
		};
		A345BE1F1AFB6AED006D309B /* libsndfile */ = {
			isa = PBXGroup;
			children = (
				A345BE201AFB6AED006D309B /* include */,
				A345BE231AFB6AED006D309B /* lib */,
			);
			path = libsndfile;
			sourceTree = "<group>";
		};
		A345BE201AFB6AED006D309B /* include */ = {
			isa = PBXGroup;
			children = (
				A345BE211AFB6AED006D309B /* sndfile.h */,
				A345BE221AFB6AED006D309B /* sndfile.hh */,
			);
			path = include;
			sourceTree = "<group>";
		};
		A345BE231AFB6AED006D309B /* lib */ = {
			isa = PBXGroup;
			children = (
				A345BE241AFB6AED006D309B /* osx */,
			);
			path = lib;
			sourceTree = "<group>";
		};
		A345BE241AFB6AED006D309B /* osx */ = {
			isa = PBXGroup;
			children = (
				A345BE251AFB6AED006D309B /* scUBlibsndfile.a */,
			);
			path = osx;
			sourceTree = "<group>";
		};
		A345BE2A1AFB6AED006D309B /* src */ = {
			isa = PBXGroup;
			children = (
				A345BE2B1AFB6AED006D309B /* ofxLibsndFileRecorder.cpp */,
				A345BE2C1AFB6AED006D309B /* ofxLibsndFileRecorder.h */,
			);
			path = src;
			sourceTree = "<group>";
		};
		BB4B014C10F69532006C3DED /* addons */ = {
			isa = PBXGroup;
			children = (
				A345BE101AFB6AED006D309B /* ofxLibsndfileRecorder */,
				A345BD941AFB5ED6006D309B /* ofxSyphon */,
				A345BD871AFB5EBE006D309B /* ofxXmlSettings */,
				A345BD4E1AFB5E99006D309B /* ofxOsc */,
				A345BD121AFB5E67006D309B /* ofxAugmenta */,
			);
			name = addons;
			sourceTree = "<group>";
		};
		BBAB23C913894ECA00AA2426 /* system frameworks */ = {
			isa = PBXGroup;
			children = (
				E7F985F515E0DE99003869B5 /* Accelerate.framework */,
				E4C2424410CC5A17004149E2 /* AppKit.framework */,
				E4C2424510CC5A17004149E2 /* Cocoa.framework */,
				E4C2424610CC5A17004149E2 /* IOKit.framework */,
				E45BE9710E8CC7DD009D7055 /* AGL.framework */,
				E45BE9720E8CC7DD009D7055 /* ApplicationServices.framework */,
				E45BE9730E8CC7DD009D7055 /* AudioToolbox.framework */,
				E45BE9750E8CC7DD009D7055 /* CoreAudio.framework */,
				E45BE9760E8CC7DD009D7055 /* CoreFoundation.framework */,
				E45BE9770E8CC7DD009D7055 /* CoreServices.framework */,
				E45BE9790E8CC7DD009D7055 /* OpenGL.framework */,
				E45BE97A0E8CC7DD009D7055 /* QuickTime.framework */,
				E7E077E415D3B63C0020DFD4 /* CoreVideo.framework */,
				E7E077E715D3B6510020DFD4 /* QTKit.framework */,
			);
			name = "system frameworks";
			sourceTree = "<group>";
		};
		BBAB23CA13894EDB00AA2426 /* 3rd party frameworks */ = {
			isa = PBXGroup;
			children = (
				BBAB23BE13894E4700AA2426 /* GLUT.framework */,
			);
			name = "3rd party frameworks";
			sourceTree = "<group>";
		};
		E4328144138ABC890047C5CB /* Products */ = {
			isa = PBXGroup;
			children = (
				E4328148138ABC890047C5CB /* openFrameworksDebug.a */,
			);
			name = Products;
			sourceTree = "<group>";
		};
		E45BE5980E8CC70C009D7055 /* frameworks */ = {
			isa = PBXGroup;
			children = (
				BBAB23CA13894EDB00AA2426 /* 3rd party frameworks */,
				BBAB23C913894ECA00AA2426 /* system frameworks */,
			);
			name = frameworks;
			sourceTree = "<group>";
		};
		E4B69B4A0A3A1720003C02F2 = {
			isa = PBXGroup;
			children = (
				E4B6FCAD0C3E899E008CF71C /* openFrameworks-Info.plist */,
				E4EB6923138AFD0F00A09F29 /* Project.xcconfig */,
				E4B69E1C0A3A1BDC003C02F2 /* src */,
				E4EEC9E9138DF44700A80321 /* openFrameworks */,
				BB4B014C10F69532006C3DED /* addons */,
				E45BE5980E8CC70C009D7055 /* frameworks */,
				E4B69B5B0A3A1756003C02F2 /* Augmenta-BorderlandsDebug.app */,
			);
			sourceTree = "<group>";
		};
		E4B69E1C0A3A1BDC003C02F2 /* src */ = {
			isa = PBXGroup;
			children = (
				E4B69E1D0A3A1BDC003C02F2 /* main.cpp */,
				E4B69E1E0A3A1BDC003C02F2 /* ofApp.cpp */,
				E4B69E1F0A3A1BDC003C02F2 /* ofApp.h */,
				A345BDCF1AFB6124006D309B /* Borderlands */,
			);
			path = src;
			sourceTree = SOURCE_ROOT;
		};
		E4EEC9E9138DF44700A80321 /* openFrameworks */ = {
			isa = PBXGroup;
			children = (
				E4EB691F138AFCF100A09F29 /* CoreOF.xcconfig */,
				E4328143138ABC890047C5CB /* openFrameworksLib.xcodeproj */,
			);
			name = openFrameworks;
			sourceTree = "<group>";
		};
/* End PBXGroup section */

/* Begin PBXNativeTarget section */
		E4B69B5A0A3A1756003C02F2 /* Augmenta-Borderlands */ = {
			isa = PBXNativeTarget;
			buildConfigurationList = E4B69B5F0A3A1757003C02F2 /* Build configuration list for PBXNativeTarget "Augmenta-Borderlands" */;
			buildPhases = (
				E4B69B580A3A1756003C02F2 /* Sources */,
				E4B69B590A3A1756003C02F2 /* Frameworks */,
				E4B6FFFD0C3F9AB9008CF71C /* ShellScript */,
				E4C2427710CC5ABF004149E2 /* CopyFiles */,
			);
			buildRules = (
			);
			dependencies = (
				E4EEB9AC138B136A00A80321 /* PBXTargetDependency */,
			);
			name = "Augmenta-Borderlands";
			productName = myOFApp;
			productReference = E4B69B5B0A3A1756003C02F2 /* Augmenta-BorderlandsDebug.app */;
			productType = "com.apple.product-type.application";
		};
/* End PBXNativeTarget section */

/* Begin PBXProject section */
		E4B69B4C0A3A1720003C02F2 /* Project object */ = {
			isa = PBXProject;
			attributes = {
				LastUpgradeCheck = 0460;
			};
			buildConfigurationList = E4B69B4D0A3A1720003C02F2 /* Build configuration list for PBXProject "Augmenta-Borderlands" */;
			compatibilityVersion = "Xcode 3.2";
			developmentRegion = English;
			hasScannedForEncodings = 0;
			knownRegions = (
				English,
				Japanese,
				French,
				German,
			);
			mainGroup = E4B69B4A0A3A1720003C02F2;
			productRefGroup = E4B69B4A0A3A1720003C02F2;
			projectDirPath = "";
			projectReferences = (
				{
					ProductGroup = E4328144138ABC890047C5CB /* Products */;
					ProjectRef = E4328143138ABC890047C5CB /* openFrameworksLib.xcodeproj */;
				},
			);
			projectRoot = "";
			targets = (
				E4B69B5A0A3A1756003C02F2 /* Augmenta-Borderlands */,
			);
		};
/* End PBXProject section */

/* Begin PBXReferenceProxy section */
		E4328148138ABC890047C5CB /* openFrameworksDebug.a */ = {
			isa = PBXReferenceProxy;
			fileType = archive.ar;
			path = openFrameworksDebug.a;
			remoteRef = E4328147138ABC890047C5CB /* PBXContainerItemProxy */;
			sourceTree = BUILT_PRODUCTS_DIR;
		};
/* End PBXReferenceProxy section */

/* Begin PBXShellScriptBuildPhase section */
		E4B6FFFD0C3F9AB9008CF71C /* ShellScript */ = {
			isa = PBXShellScriptBuildPhase;
			buildActionMask = 2147483647;
			files = (
			);
			inputPaths = (
			);
			outputPaths = (
			);
			runOnlyForDeploymentPostprocessing = 0;
			shellPath = /bin/sh;
			shellScript = "cp -f ../../../libs/fmodex/lib/osx/libfmodex.dylib \"$TARGET_BUILD_DIR/$PRODUCT_NAME.app/Contents/MacOS/libfmodex.dylib\"; install_name_tool -change ./libfmodex.dylib @executable_path/libfmodex.dylib \"$TARGET_BUILD_DIR/$PRODUCT_NAME.app/Contents/MacOS/$PRODUCT_NAME\";\nmkdir -p \"$TARGET_BUILD_DIR/$PRODUCT_NAME.app/Contents/Resources/\"\ncp -f \"$ICON_FILE\" \"$TARGET_BUILD_DIR/$PRODUCT_NAME.app/Contents/Resources/\"\n";
		};
/* End PBXShellScriptBuildPhase section */

/* Begin PBXSourcesBuildPhase section */
		E4B69B580A3A1756003C02F2 /* Sources */ = {
			isa = PBXSourcesBuildPhase;
			buildActionMask = 2147483647;
			files = (
				A345BD821AFB5E99006D309B /* ofxOscBundle.cpp in Sources */,
				A345BD7C1AFB5E99006D309B /* NetworkingUtilsWin.cpp in Sources */,
				A345BDED1AFB6124006D309B /* GTime.cpp in Sources */,
				A345BDF31AFB6124006D309B /* Thread.cpp in Sources */,
				A345BDF41AFB6124006D309B /* Window.cpp in Sources */,
				A345BDF21AFB6124006D309B /* Stk.cpp in Sources */,
				A345BD7D1AFB5E99006D309B /* UdpSocketWin.cpp in Sources */,
				A32A46F81AFB8A2D00FBF6CD /* ofxAugmenta.cpp in Sources */,
				A345BD931AFB5EBE006D309B /* ofxXmlSettings.cpp in Sources */,
				A32A46F51AFB8A2D00FBF6CD /* AugmentaInteractiveArea.cpp in Sources */,
				A345BDC51AFB5ED6006D309B /* ofxSyphonClient.mm in Sources */,
				A345BD7A1AFB5E99006D309B /* NetworkingUtils.cpp in Sources */,
				A32A46F61AFB8A2D00FBF6CD /* AugmentaPerson.cpp in Sources */,
				A345BD921AFB5EBE006D309B /* tinyxmlparser.cpp in Sources */,
				A32A46F41AFB8A2D00FBF6CD /* AugmentaEvents.cpp in Sources */,
				A345BD901AFB5EBE006D309B /* tinyxml.cpp in Sources */,
				A345BDF01AFB6124006D309B /* RtMidi.cpp in Sources */,
				E4B69E200A3A1BDC003C02F2 /* main.cpp in Sources */,
				A345BDC71AFB5ED6006D309B /* ofxSyphonServerDirectory.mm in Sources */,
				A345BDEE1AFB6124006D309B /* MyRtAudio.cpp in Sources */,
				A345BD851AFB5E99006D309B /* ofxOscReceiver.cpp in Sources */,
				A345BD831AFB5E99006D309B /* ofxOscMessage.cpp in Sources */,
				A345BD801AFB5E99006D309B /* OscReceivedElements.cpp in Sources */,
				A345BD811AFB5E99006D309B /* OscTypes.cpp in Sources */,
				A345BDEC1AFB6124006D309B /* GrainVoice.cpp in Sources */,
				E4B69E210A3A1BDC003C02F2 /* ofApp.cpp in Sources */,
				A345BE321AFB6AED006D309B /* ofxLibsndFileRecorder.cpp in Sources */,
				A345BD861AFB5E99006D309B /* ofxOscSender.cpp in Sources */,
				A345BDC41AFB5ED6006D309B /* SyphonNameboundClient.m in Sources */,
				A345BDEB1AFB6124006D309B /* GrainCluster.cpp in Sources */,
				A345BDF11AFB6124006D309B /* SoundRect.cpp in Sources */,
				A345BDE91AFB6124006D309B /* AudioFileSet.cpp in Sources */,
				A345BD791AFB5E99006D309B /* IpEndpointName.cpp in Sources */,
				A345BDEF1AFB6124006D309B /* RtAudio.cpp in Sources */,
				A345BD7B1AFB5E99006D309B /* UdpSocket.cpp in Sources */,
				A345BD7E1AFB5E99006D309B /* OscOutboundPacketStream.cpp in Sources */,
				A32A46F71AFB8A2D00FBF6CD /* AugmentaScene.cpp in Sources */,
				A345BD911AFB5EBE006D309B /* tinyxmlerror.cpp in Sources */,
				A345BD7F1AFB5E99006D309B /* OscPrintReceivedElements.cpp in Sources */,
				A345BD841AFB5E99006D309B /* ofxOscParameterSync.cpp in Sources */,
				A345BDC61AFB5ED6006D309B /* ofxSyphonServer.mm in Sources */,
			);
			runOnlyForDeploymentPostprocessing = 0;
		};
/* End PBXSourcesBuildPhase section */

/* Begin PBXTargetDependency section */
		E4EEB9AC138B136A00A80321 /* PBXTargetDependency */ = {
			isa = PBXTargetDependency;
			name = openFrameworks;
			targetProxy = E4EEB9AB138B136A00A80321 /* PBXContainerItemProxy */;
		};
/* End PBXTargetDependency section */

/* Begin XCBuildConfiguration section */
		E4B69B4E0A3A1720003C02F2 /* Debug */ = {
			isa = XCBuildConfiguration;
			baseConfigurationReference = E4EB6923138AFD0F00A09F29 /* Project.xcconfig */;
			buildSettings = {
				ARCHS = "$(ARCHS_STANDARD_32_BIT)";
				CONFIGURATION_BUILD_DIR = "$(SRCROOT)/bin/";
				COPY_PHASE_STRIP = NO;
				DEAD_CODE_STRIPPING = YES;
				GCC_AUTO_VECTORIZATION = YES;
				GCC_ENABLE_SSE3_EXTENSIONS = YES;
				GCC_ENABLE_SUPPLEMENTAL_SSE3_INSTRUCTIONS = YES;
				GCC_INLINES_ARE_PRIVATE_EXTERN = NO;
				GCC_OPTIMIZATION_LEVEL = 0;
				GCC_SYMBOLS_PRIVATE_EXTERN = NO;
				GCC_WARN_ABOUT_DEPRECATED_FUNCTIONS = YES;
				GCC_WARN_ABOUT_INVALID_OFFSETOF_MACRO = NO;
				GCC_WARN_ALLOW_INCOMPLETE_PROTOCOL = NO;
				GCC_WARN_UNINITIALIZED_AUTOS = NO;
				GCC_WARN_UNUSED_VALUE = NO;
				GCC_WARN_UNUSED_VARIABLE = NO;
				HEADER_SEARCH_PATHS = (
					"$(OF_CORE_HEADERS)",
					src,
					"$(OF_PATH)/addons/ofxOsc/libs/oscpack/src/**",
					/usr/local/include/,
				);
				LIBRARY_SEARCH_PATHS = /usr/local/lib;
				MACOSX_DEPLOYMENT_TARGET = 10.6;
				OTHER_CPLUSPLUSFLAGS = (
					"-D__MACOSX_CORE__",
					"-lpthread",
					"-mtune=native",
				);
				OTHER_LDFLAGS = "$(OF_CORE_LIBS)";
				SDKROOT = macosx;
			};
			name = Debug;
		};
		E4B69B4F0A3A1720003C02F2 /* Release */ = {
			isa = XCBuildConfiguration;
			baseConfigurationReference = E4EB6923138AFD0F00A09F29 /* Project.xcconfig */;
			buildSettings = {
				ARCHS = "$(ARCHS_STANDARD_32_BIT)";
				CONFIGURATION_BUILD_DIR = "$(SRCROOT)/bin/";
				COPY_PHASE_STRIP = YES;
				DEAD_CODE_STRIPPING = YES;
				GCC_AUTO_VECTORIZATION = YES;
				GCC_ENABLE_SSE3_EXTENSIONS = YES;
				GCC_ENABLE_SUPPLEMENTAL_SSE3_INSTRUCTIONS = YES;
				GCC_INLINES_ARE_PRIVATE_EXTERN = NO;
				GCC_OPTIMIZATION_LEVEL = 3;
				GCC_SYMBOLS_PRIVATE_EXTERN = NO;
				GCC_UNROLL_LOOPS = YES;
				GCC_WARN_ABOUT_DEPRECATED_FUNCTIONS = YES;
				GCC_WARN_ABOUT_INVALID_OFFSETOF_MACRO = NO;
				GCC_WARN_ALLOW_INCOMPLETE_PROTOCOL = NO;
				GCC_WARN_UNINITIALIZED_AUTOS = NO;
				GCC_WARN_UNUSED_VALUE = NO;
				GCC_WARN_UNUSED_VARIABLE = NO;
				HEADER_SEARCH_PATHS = (
					"$(OF_CORE_HEADERS)",
					src,
					"$(OF_PATH)/addons/ofxOsc/libs/oscpack/src/**",
					/usr/local/include/,
				);
				LIBRARY_SEARCH_PATHS = /usr/local/lib;
				MACOSX_DEPLOYMENT_TARGET = 10.6;
				OTHER_CPLUSPLUSFLAGS = (
					"-D__MACOSX_CORE__",
					"-lpthread",
					"-mtune=native",
				);
				OTHER_LDFLAGS = "$(OF_CORE_LIBS)";
				SDKROOT = macosx;
			};
			name = Release;
		};
		E4B69B600A3A1757003C02F2 /* Debug */ = {
			isa = XCBuildConfiguration;
			buildSettings = {
				COMBINE_HIDPI_IMAGES = YES;
				COPY_PHASE_STRIP = NO;
				FRAMEWORK_SEARCH_PATHS = (
					"$(inherited)",
					"$(FRAMEWORK_SEARCH_PATHS_QUOTED_FOR_TARGET_1)",
					/Users/theoriz/code/openFrameworks/addons/ofxSyphon/libs/Syphon/lib/osx,
				);
				FRAMEWORK_SEARCH_PATHS_QUOTED_FOR_TARGET_1 = "\"$(SRCROOT)/../../../libs/glut/lib/osx\"";
				GCC_DYNAMIC_NO_PIC = NO;
				GCC_GENERATE_DEBUGGING_SYMBOLS = YES;
				GCC_MODEL_TUNING = NONE;
				ICON = "$(ICON_NAME_DEBUG)";
				ICON_FILE = "$(ICON_FILE_PATH)$(ICON)";
				INFOPLIST_FILE = "openFrameworks-Info.plist";
				INSTALL_PATH = "$(HOME)/Applications";
				LIBRARY_SEARCH_PATHS = (
					"$(inherited)",
					"$(LIBRARY_SEARCH_PATHS_QUOTED_FOR_TARGET_1)",
					"$(LIBRARY_SEARCH_PATHS_QUOTED_FOR_TARGET_2)",
					"$(LIBRARY_SEARCH_PATHS_QUOTED_FOR_TARGET_3)",
					"$(LIBRARY_SEARCH_PATHS_QUOTED_FOR_TARGET_4)",
					"$(LIBRARY_SEARCH_PATHS_QUOTED_FOR_TARGET_5)",
					"$(LIBRARY_SEARCH_PATHS_QUOTED_FOR_TARGET_6)",
					"$(LIBRARY_SEARCH_PATHS_QUOTED_FOR_TARGET_7)",
					"$(LIBRARY_SEARCH_PATHS_QUOTED_FOR_TARGET_8)",
					"$(LIBRARY_SEARCH_PATHS_QUOTED_FOR_TARGET_9)",
					"$(LIBRARY_SEARCH_PATHS_QUOTED_FOR_TARGET_10)",
					"$(LIBRARY_SEARCH_PATHS_QUOTED_FOR_TARGET_11)",
					"$(LIBRARY_SEARCH_PATHS_QUOTED_FOR_TARGET_12)",
					"$(LIBRARY_SEARCH_PATHS_QUOTED_FOR_TARGET_13)",
					"$(LIBRARY_SEARCH_PATHS_QUOTED_FOR_TARGET_14)",
					"$(LIBRARY_SEARCH_PATHS_QUOTED_FOR_TARGET_15)",
					"$(LIBRARY_SEARCH_PATHS_QUOTED_FOR_TARGET_2)",
					"$(LIBRARY_SEARCH_PATHS_QUOTED_FOR_TARGET_3)",
					"$(LIBRARY_SEARCH_PATHS_QUOTED_FOR_TARGET_7)",
					"$(LIBRARY_SEARCH_PATHS_QUOTED_FOR_TARGET_8)",
					"$(LIBRARY_SEARCH_PATHS_QUOTED_FOR_TARGET_9)",
					"$(LIBRARY_SEARCH_PATHS_QUOTED_FOR_TARGET_10)",
					"$(LIBRARY_SEARCH_PATHS_QUOTED_FOR_TARGET_11)",
					"$(LIBRARY_SEARCH_PATHS_QUOTED_FOR_TARGET_12)",
					"$(LIBRARY_SEARCH_PATHS_QUOTED_FOR_TARGET_13)",
					"$(LIBRARY_SEARCH_PATHS_QUOTED_FOR_TARGET_16)",
					"$(LIBRARY_SEARCH_PATHS_QUOTED_FOR_TARGET_17)",
					"$(LIBRARY_SEARCH_PATHS_QUOTED_FOR_TARGET_18)",
					"$(LIBRARY_SEARCH_PATHS_QUOTED_FOR_TARGET_19)",
					"$(LIBRARY_SEARCH_PATHS_QUOTED_FOR_TARGET_20)",
					"$(LIBRARY_SEARCH_PATHS_QUOTED_FOR_TARGET_21)",
					"$(LIBRARY_SEARCH_PATHS_QUOTED_FOR_TARGET_22)",
					"$(LIBRARY_SEARCH_PATHS_QUOTED_FOR_TARGET_23)",
					"$(LIBRARY_SEARCH_PATHS_QUOTED_FOR_TARGET_24)",
					"$(LIBRARY_SEARCH_PATHS_QUOTED_FOR_TARGET_25)",
					"$(LIBRARY_SEARCH_PATHS_QUOTED_FOR_TARGET_26)",
					"$(LIBRARY_SEARCH_PATHS_QUOTED_FOR_TARGET_27)",
					"$(LIBRARY_SEARCH_PATHS_QUOTED_FOR_TARGET_28)",
					"$(LIBRARY_SEARCH_PATHS_QUOTED_FOR_TARGET_29)",
					"$(LIBRARY_SEARCH_PATHS_QUOTED_FOR_TARGET_30)",
					"$(LIBRARY_SEARCH_PATHS_QUOTED_FOR_TARGET_31)",
					"$(LIBRARY_SEARCH_PATHS_QUOTED_FOR_TARGET_32)",
					"$(LIBRARY_SEARCH_PATHS_QUOTED_FOR_TARGET_33)",
					"$(LIBRARY_SEARCH_PATHS_QUOTED_FOR_TARGET_34)",
					"$(LIBRARY_SEARCH_PATHS_QUOTED_FOR_TARGET_35)",
					"$(LIBRARY_SEARCH_PATHS_QUOTED_FOR_TARGET_36)",
					"$(LIBRARY_SEARCH_PATHS_QUOTED_FOR_TARGET_37)",
					"$(LIBRARY_SEARCH_PATHS_QUOTED_FOR_TARGET_38)",
					"$(LIBRARY_SEARCH_PATHS_QUOTED_FOR_TARGET_39)",
					"$(LIBRARY_SEARCH_PATHS_QUOTED_FOR_TARGET_40)",
					"$(LIBRARY_SEARCH_PATHS_QUOTED_FOR_TARGET_41)",
					"$(LIBRARY_SEARCH_PATHS_QUOTED_FOR_TARGET_42)",
					"$(LIBRARY_SEARCH_PATHS_QUOTED_FOR_TARGET_43)",
					"$(LIBRARY_SEARCH_PATHS_QUOTED_FOR_TARGET_44)",
					"$(LIBRARY_SEARCH_PATHS_QUOTED_FOR_TARGET_45)",
					"$(LIBRARY_SEARCH_PATHS_QUOTED_FOR_TARGET_46)",
					"$(LIBRARY_SEARCH_PATHS_QUOTED_FOR_TARGET_47)",
					"$(LIBRARY_SEARCH_PATHS_QUOTED_FOR_TARGET_48)",
					"$(LIBRARY_SEARCH_PATHS_QUOTED_FOR_TARGET_49)",
					"$(LIBRARY_SEARCH_PATHS_QUOTED_FOR_TARGET_50)",
					"$(LIBRARY_SEARCH_PATHS_QUOTED_FOR_TARGET_51)",
					"$(LIBRARY_SEARCH_PATHS_QUOTED_FOR_TARGET_52)",
					/Users/theoriz/code/openFrameworks/addons/ofxLibsndfileRecorder/libs/libsndfile/lib/osx,
					/Users/theoriz/code/openFrameworks/addons/ofxLibsndfileRecorder/libs/libsndfile/lib/vs2010,
				);
				PRODUCT_NAME = "Augmenta-BorderlandsDebug";
				WRAPPER_EXTENSION = app;
			};
			name = Debug;
		};
		E4B69B610A3A1757003C02F2 /* Release */ = {
			isa = XCBuildConfiguration;
			buildSettings = {
				COMBINE_HIDPI_IMAGES = YES;
				COPY_PHASE_STRIP = YES;
				FRAMEWORK_SEARCH_PATHS = (
					"$(inherited)",
					"$(FRAMEWORK_SEARCH_PATHS_QUOTED_FOR_TARGET_1)",
					/Users/theoriz/code/openFrameworks/addons/ofxSyphon/libs/Syphon/lib/osx,
				);
				FRAMEWORK_SEARCH_PATHS_QUOTED_FOR_TARGET_1 = "\"$(SRCROOT)/../../../libs/glut/lib/osx\"";
				GCC_GENERATE_DEBUGGING_SYMBOLS = YES;
				GCC_MODEL_TUNING = NONE;
				ICON = "$(ICON_NAME_RELEASE)";
				ICON_FILE = "$(ICON_FILE_PATH)$(ICON)";
				INFOPLIST_FILE = "openFrameworks-Info.plist";
				INSTALL_PATH = "$(HOME)/Applications";
				LIBRARY_SEARCH_PATHS = (
					"$(inherited)",
					"$(LIBRARY_SEARCH_PATHS_QUOTED_FOR_TARGET_1)",
					"$(LIBRARY_SEARCH_PATHS_QUOTED_FOR_TARGET_2)",
					"$(LIBRARY_SEARCH_PATHS_QUOTED_FOR_TARGET_3)",
					"$(LIBRARY_SEARCH_PATHS_QUOTED_FOR_TARGET_4)",
					"$(LIBRARY_SEARCH_PATHS_QUOTED_FOR_TARGET_5)",
					"$(LIBRARY_SEARCH_PATHS_QUOTED_FOR_TARGET_6)",
					"$(LIBRARY_SEARCH_PATHS_QUOTED_FOR_TARGET_7)",
					"$(LIBRARY_SEARCH_PATHS_QUOTED_FOR_TARGET_8)",
					"$(LIBRARY_SEARCH_PATHS_QUOTED_FOR_TARGET_9)",
					"$(LIBRARY_SEARCH_PATHS_QUOTED_FOR_TARGET_10)",
					"$(LIBRARY_SEARCH_PATHS_QUOTED_FOR_TARGET_11)",
					"$(LIBRARY_SEARCH_PATHS_QUOTED_FOR_TARGET_12)",
					"$(LIBRARY_SEARCH_PATHS_QUOTED_FOR_TARGET_13)",
					"$(LIBRARY_SEARCH_PATHS_QUOTED_FOR_TARGET_14)",
					"$(LIBRARY_SEARCH_PATHS_QUOTED_FOR_TARGET_15)",
					"$(LIBRARY_SEARCH_PATHS_QUOTED_FOR_TARGET_2)",
					"$(LIBRARY_SEARCH_PATHS_QUOTED_1)",
					"$(LIBRARY_SEARCH_PATHS_QUOTED_FOR_TARGET_3)",
					"$(LIBRARY_SEARCH_PATHS_QUOTED_FOR_TARGET_7)",
					"$(LIBRARY_SEARCH_PATHS_QUOTED_FOR_TARGET_8)",
					"$(LIBRARY_SEARCH_PATHS_QUOTED_FOR_TARGET_9)",
					"$(LIBRARY_SEARCH_PATHS_QUOTED_FOR_TARGET_10)",
					"$(LIBRARY_SEARCH_PATHS_QUOTED_FOR_TARGET_11)",
					"$(LIBRARY_SEARCH_PATHS_QUOTED_FOR_TARGET_12)",
					"$(LIBRARY_SEARCH_PATHS_QUOTED_FOR_TARGET_13)",
					"$(LIBRARY_SEARCH_PATHS_QUOTED_FOR_TARGET_16)",
					"$(LIBRARY_SEARCH_PATHS_QUOTED_FOR_TARGET_17)",
					"$(LIBRARY_SEARCH_PATHS_QUOTED_FOR_TARGET_18)",
					"$(LIBRARY_SEARCH_PATHS_QUOTED_FOR_TARGET_19)",
					"$(LIBRARY_SEARCH_PATHS_QUOTED_FOR_TARGET_20)",
					"$(LIBRARY_SEARCH_PATHS_QUOTED_FOR_TARGET_21)",
					"$(LIBRARY_SEARCH_PATHS_QUOTED_FOR_TARGET_22)",
					"$(LIBRARY_SEARCH_PATHS_QUOTED_FOR_TARGET_23)",
					"$(LIBRARY_SEARCH_PATHS_QUOTED_FOR_TARGET_24)",
					"$(LIBRARY_SEARCH_PATHS_QUOTED_FOR_TARGET_25)",
					"$(LIBRARY_SEARCH_PATHS_QUOTED_FOR_TARGET_26)",
					"$(LIBRARY_SEARCH_PATHS_QUOTED_FOR_TARGET_27)",
					"$(LIBRARY_SEARCH_PATHS_QUOTED_FOR_TARGET_28)",
					"$(LIBRARY_SEARCH_PATHS_QUOTED_FOR_TARGET_29)",
					"$(LIBRARY_SEARCH_PATHS_QUOTED_FOR_TARGET_30)",
					"$(LIBRARY_SEARCH_PATHS_QUOTED_FOR_TARGET_31)",
					"$(LIBRARY_SEARCH_PATHS_QUOTED_FOR_TARGET_32)",
					"$(LIBRARY_SEARCH_PATHS_QUOTED_FOR_TARGET_33)",
					"$(LIBRARY_SEARCH_PATHS_QUOTED_FOR_TARGET_34)",
					"$(LIBRARY_SEARCH_PATHS_QUOTED_FOR_TARGET_35)",
					"$(LIBRARY_SEARCH_PATHS_QUOTED_FOR_TARGET_36)",
					"$(LIBRARY_SEARCH_PATHS_QUOTED_FOR_TARGET_37)",
					"$(LIBRARY_SEARCH_PATHS_QUOTED_FOR_TARGET_38)",
					"$(LIBRARY_SEARCH_PATHS_QUOTED_FOR_TARGET_39)",
					"$(LIBRARY_SEARCH_PATHS_QUOTED_FOR_TARGET_40)",
					"$(LIBRARY_SEARCH_PATHS_QUOTED_FOR_TARGET_41)",
					"$(LIBRARY_SEARCH_PATHS_QUOTED_FOR_TARGET_42)",
					"$(LIBRARY_SEARCH_PATHS_QUOTED_FOR_TARGET_43)",
					"$(LIBRARY_SEARCH_PATHS_QUOTED_FOR_TARGET_44)",
					"$(LIBRARY_SEARCH_PATHS_QUOTED_FOR_TARGET_45)",
					"$(LIBRARY_SEARCH_PATHS_QUOTED_FOR_TARGET_46)",
					"$(LIBRARY_SEARCH_PATHS_QUOTED_FOR_TARGET_47)",
					"$(LIBRARY_SEARCH_PATHS_QUOTED_FOR_TARGET_48)",
					"$(LIBRARY_SEARCH_PATHS_QUOTED_FOR_TARGET_49)",
					"$(LIBRARY_SEARCH_PATHS_QUOTED_FOR_TARGET_50)",
					"$(LIBRARY_SEARCH_PATHS_QUOTED_FOR_TARGET_51)",
					/Users/theoriz/code/openFrameworks/addons/ofxLibsndfileRecorder/libs/libsndfile/lib/osx,
					/Users/theoriz/code/openFrameworks/addons/ofxLibsndfileRecorder/libs/libsndfile/lib/vs2010,
				);
				PRODUCT_NAME = "Augmenta-Borderlands";
				WRAPPER_EXTENSION = app;
			};
			name = Release;
		};
/* End XCBuildConfiguration section */

/* Begin XCConfigurationList section */
		E4B69B4D0A3A1720003C02F2 /* Build configuration list for PBXProject "Augmenta-Borderlands" */ = {
			isa = XCConfigurationList;
			buildConfigurations = (
				E4B69B4E0A3A1720003C02F2 /* Debug */,
				E4B69B4F0A3A1720003C02F2 /* Release */,
			);
			defaultConfigurationIsVisible = 0;
			defaultConfigurationName = Release;
		};
		E4B69B5F0A3A1757003C02F2 /* Build configuration list for PBXNativeTarget "Augmenta-Borderlands" */ = {
			isa = XCConfigurationList;
			buildConfigurations = (
				E4B69B600A3A1757003C02F2 /* Debug */,
				E4B69B610A3A1757003C02F2 /* Release */,
			);
			defaultConfigurationIsVisible = 0;
			defaultConfigurationName = Release;
		};
/* End XCConfigurationList section */
	};
	rootObject = E4B69B4C0A3A1720003C02F2 /* Project object */;
}
